
Microsoft Visual Studio Solution File, Format Version 12.00
# Visual Studio Version 16
VisualStudioVersion = 16.0.29509.3
MinimumVisualStudioVersion = 10.0.40219.1
Project("{FAE04EC0-301F-11D3-BF4B-00C04F79EFBC}") = "Web", "Web\Web.csproj", "{3D942B24-9F50-429E-8CE6-AB0B9349B3B1}"
EndProject
Project("{FAE04EC0-301F-11D3-BF4B-00C04F79EFBC}") = "BLL", "BLL\BLL.csproj", "{923A4F62-9A4D-4444-A617-3B793C5BA53C}"
EndProject
Project("{FAE04EC0-301F-11D3-BF4B-00C04F79EFBC}") = "DAL", "DAL\DAL.csproj", "{17563FC9-9841-48DB-B5CD-02A556DD743B}"
EndProject
Global
	GlobalSection(SolutionConfigurationPlatforms) = preSolution
		Debug|Any CPU = Debug|Any CPU
		Release|Any CPU = Release|Any CPU
	EndGlobalSection
	GlobalSection(ProjectConfigurationPlatforms) = postSolution
		{3D942B24-9F50-429E-8CE6-AB0B9349B3B1}.Debug|Any CPU.ActiveCfg = Debug|Any CPU
		{3D942B24-9F50-429E-8CE6-AB0B9349B3B1}.Debug|Any CPU.Build.0 = Debug|Any CPU
		{3D942B24-9F50-429E-8CE6-AB0B9349B3B1}.Release|Any CPU.ActiveCfg = Release|Any CPU
		{3D942B24-9F50-429E-8CE6-AB0B9349B3B1}.Release|Any CPU.Build.0 = Release|Any CPU
		{923A4F62-9A4D-4444-A617-3B793C5BA53C}.Debug|Any CPU.ActiveCfg = Debug|Any CPU
		{923A4F62-9A4D-4444-A617-3B793C5BA53C}.Debug|Any CPU.Build.0 = Debug|Any CPU
		{923A4F62-9A4D-4444-A617-3B793C5BA53C}.Release|Any CPU.ActiveCfg = Release|Any CPU
		{923A4F62-9A4D-4444-A617-3B793C5BA53C}.Release|Any CPU.Build.0 = Release|Any CPU
		{17563FC9-9841-48DB-B5CD-02A556DD743B}.Debug|Any CPU.ActiveCfg = Debug|Any CPU
		{17563FC9-9841-48DB-B5CD-02A556DD743B}.Debug|Any CPU.Build.0 = Debug|Any CPU
		{17563FC9-9841-48DB-B5CD-02A556DD743B}.Release|Any CPU.ActiveCfg = Release|Any CPU
		{17563FC9-9841-48DB-B5CD-02A556DD743B}.Release|Any CPU.Build.0 = Release|Any CPU
	EndGlobalSection
	GlobalSection(SolutionProperties) = preSolution
		HideSolutionNode = FALSE
	EndGlobalSection
	GlobalSection(ExtensibilityGlobals) = postSolution
		SolutionGuid = {683780F6-B63B-4D9F-85B5-213E6CD8627B}
	EndGlobalSection
EndGlobal
